
Microsoft Visual Studio Solution File, Format Version 12.00
# Visual Studio Version 16
VisualStudioVersion = 16.0.29418.71
MinimumVisualStudioVersion = 10.0.40219.1
Project("{FAE04EC0-301F-11D3-BF4B-00C04F79EFBC}") = "GCIntranet", "src\GCIntranet\GCIntranet.csproj", "{4FAEB0CA-48E2-4049-909C-E99A81A6BEC5}"
EndProject
Global
	GlobalSection(SolutionConfigurationPlatforms) = preSolution
		Debug|Any CPU = Debug|Any CPU
		Release|Any CPU = Release|Any CPU
	EndGlobalSection
	GlobalSection(ProjectConfigurationPlatforms) = postSolution
		{4FAEB0CA-48E2-4049-909C-E99A81A6BEC5}.Debug|Any CPU.ActiveCfg = Debug|Any CPU
		{4FAEB0CA-48E2-4049-909C-E99A81A6BEC5}.Debug|Any CPU.Build.0 = Debug|Any CPU
		{4FAEB0CA-48E2-4049-909C-E99A81A6BEC5}.Release|Any CPU.ActiveCfg = Release|Any CPU
		{4FAEB0CA-48E2-4049-909C-E99A81A6BEC5}.Release|Any CPU.Build.0 = Release|Any CPU
	EndGlobalSection
	GlobalSection(SolutionProperties) = preSolution
		HideSolutionNode = FALSE
	EndGlobalSection
	GlobalSection(ExtensibilityGlobals) = postSolution
		SolutionGuid = {E7716B79-8325-4652-8C64-AEEC416DD756}
	EndGlobalSection
EndGlobal
